
Microsoft Visual Studio Solution File, Format Version 12.00
# Visual Studio Version 17
VisualStudioVersion = 17.4.33213.308
MinimumVisualStudioVersion = 10.0.40219.1
Project("{9A19103F-16F7-4668-BE54-9A1E7A4F7556}") = "Course_Work4", "Course_Work4.csproj", "{FDE31222-91CD-475B-9AAB-9A53385F4D07}"
EndProject
Project("{9A19103F-16F7-4668-BE54-9A1E7A4F7556}") = "Course_Work4Tests", "..\Course_Work4Tests\Course_Work4Tests.csproj", "{CAA07C7B-81C0-4C1B-8B0E-64CDB26F9CDE}"
EndProject
Project("{2150E333-8FDC-42A3-9474-1A3956D46DE8}") = "Solution Items", "Solution Items", "{2A5A2ABF-50A0-479F-9D3A-315D3BBC6F73}"
	ProjectSection(SolutionItems) = preProject
		.editorconfig = .editorconfig
	EndProjectSection
EndProject
Global
	GlobalSection(SolutionConfigurationPlatforms) = preSolution
		Debug|Any CPU = Debug|Any CPU
		Release|Any CPU = Release|Any CPU
	EndGlobalSection
	GlobalSection(ProjectConfigurationPlatforms) = postSolution
		{FDE31222-91CD-475B-9AAB-9A53385F4D07}.Debug|Any CPU.ActiveCfg = Debug|Any CPU
		{FDE31222-91CD-475B-9AAB-9A53385F4D07}.Debug|Any CPU.Build.0 = Debug|Any CPU
		{FDE31222-91CD-475B-9AAB-9A53385F4D07}.Release|Any CPU.ActiveCfg = Release|Any CPU
		{FDE31222-91CD-475B-9AAB-9A53385F4D07}.Release|Any CPU.Build.0 = Release|Any CPU
		{CAA07C7B-81C0-4C1B-8B0E-64CDB26F9CDE}.Debug|Any CPU.ActiveCfg = Debug|Any CPU
		{CAA07C7B-81C0-4C1B-8B0E-64CDB26F9CDE}.Debug|Any CPU.Build.0 = Debug|Any CPU
		{CAA07C7B-81C0-4C1B-8B0E-64CDB26F9CDE}.Release|Any CPU.ActiveCfg = Release|Any CPU
		{CAA07C7B-81C0-4C1B-8B0E-64CDB26F9CDE}.Release|Any CPU.Build.0 = Release|Any CPU
	EndGlobalSection
	GlobalSection(SolutionProperties) = preSolution
		HideSolutionNode = FALSE
	EndGlobalSection
	GlobalSection(ExtensibilityGlobals) = postSolution
		SolutionGuid = {90DCA1BE-6E1A-4568-A56F-4D7261C14B5B}
	EndGlobalSection
EndGlobal
